
Microsoft Visual Studio Solution File, Format Version 12.00
# Visual Studio Version 17
VisualStudioVersion = 17.9.34728.123
MinimumVisualStudioVersion = 10.0.40219.1
Project("{FAE04EC0-301F-11D3-BF4B-00C04F79EFBC}") = "ExtracaoRelatoriosGaragem", "ExtracaoRelatoriosGaragem\ExtracaoRelatoriosGaragem.csproj", "{008E1EE9-37D8-4C3B-9892-B134FC519123}"
EndProject
Project("{9A19103F-16F7-4668-BE54-9A1E7A4F7556}") = "Models", "..\Models\Models\Models.csproj", "{058C0540-DAC3-4EEA-BAAD-9DC2251C0A78}"
EndProject
Project("{FAE04EC0-301F-11D3-BF4B-00C04F79EFBC}") = "Repositories", "Repositories\Repositories.csproj", "{3F8CE9B2-5730-447F-B672-FD9D70B3DB93}"
EndProject
Project("{FAE04EC0-301F-11D3-BF4B-00C04F79EFBC}") = "Services", "Services\Services.csproj", "{F5FE002F-14B2-4B1C-BA1B-8A41C4143ADE}"
EndProject
Project("{FAE04EC0-301F-11D3-BF4B-00C04F79EFBC}") = "Controllers", "Controllers\Controllers.csproj", "{2E44D5CF-DCE3-4CCA-BE08-B85C919D551A}"
EndProject
Global
	GlobalSection(SolutionConfigurationPlatforms) = preSolution
		Debug|Any CPU = Debug|Any CPU
		Release|Any CPU = Release|Any CPU
	EndGlobalSection
	GlobalSection(ProjectConfigurationPlatforms) = postSolution
		{008E1EE9-37D8-4C3B-9892-B134FC519123}.Debug|Any CPU.ActiveCfg = Debug|Any CPU
		{008E1EE9-37D8-4C3B-9892-B134FC519123}.Debug|Any CPU.Build.0 = Debug|Any CPU
		{008E1EE9-37D8-4C3B-9892-B134FC519123}.Release|Any CPU.ActiveCfg = Release|Any CPU
		{008E1EE9-37D8-4C3B-9892-B134FC519123}.Release|Any CPU.Build.0 = Release|Any CPU
		{058C0540-DAC3-4EEA-BAAD-9DC2251C0A78}.Debug|Any CPU.ActiveCfg = Debug|Any CPU
		{058C0540-DAC3-4EEA-BAAD-9DC2251C0A78}.Debug|Any CPU.Build.0 = Debug|Any CPU
		{058C0540-DAC3-4EEA-BAAD-9DC2251C0A78}.Release|Any CPU.ActiveCfg = Release|Any CPU
		{058C0540-DAC3-4EEA-BAAD-9DC2251C0A78}.Release|Any CPU.Build.0 = Release|Any CPU
		{3F8CE9B2-5730-447F-B672-FD9D70B3DB93}.Debug|Any CPU.ActiveCfg = Debug|Any CPU
		{3F8CE9B2-5730-447F-B672-FD9D70B3DB93}.Debug|Any CPU.Build.0 = Debug|Any CPU
		{3F8CE9B2-5730-447F-B672-FD9D70B3DB93}.Release|Any CPU.ActiveCfg = Release|Any CPU
		{3F8CE9B2-5730-447F-B672-FD9D70B3DB93}.Release|Any CPU.Build.0 = Release|Any CPU
		{F5FE002F-14B2-4B1C-BA1B-8A41C4143ADE}.Debug|Any CPU.ActiveCfg = Debug|Any CPU
		{F5FE002F-14B2-4B1C-BA1B-8A41C4143ADE}.Debug|Any CPU.Build.0 = Debug|Any CPU
		{F5FE002F-14B2-4B1C-BA1B-8A41C4143ADE}.Release|Any CPU.ActiveCfg = Release|Any CPU
		{F5FE002F-14B2-4B1C-BA1B-8A41C4143ADE}.Release|Any CPU.Build.0 = Release|Any CPU
		{2E44D5CF-DCE3-4CCA-BE08-B85C919D551A}.Debug|Any CPU.ActiveCfg = Debug|Any CPU
		{2E44D5CF-DCE3-4CCA-BE08-B85C919D551A}.Debug|Any CPU.Build.0 = Debug|Any CPU
		{2E44D5CF-DCE3-4CCA-BE08-B85C919D551A}.Release|Any CPU.ActiveCfg = Release|Any CPU
		{2E44D5CF-DCE3-4CCA-BE08-B85C919D551A}.Release|Any CPU.Build.0 = Release|Any CPU
	EndGlobalSection
	GlobalSection(SolutionProperties) = preSolution
		HideSolutionNode = FALSE
	EndGlobalSection
	GlobalSection(ExtensibilityGlobals) = postSolution
		SolutionGuid = {FCE336CC-ECA1-4996-A9BE-C150F29276D8}
	EndGlobalSection
EndGlobal
